<Solution>
  <Folder Name="/Elementos de la solución/">
    <File Path="AGENTS.md" />
    <File Path="docker-compose.yml" />
  </Folder>
  <Project Path="SubastaYa.Application/SubastaYa.Application.csproj" />
  <Project Path="SubastaYa.Domain/SubastaYa.Domain.csproj" />
  <Project Path="SubastaYa.Infrastructure/SubastaYa.Infrastructure.csproj" />
  <Project Path="SubastaYa.WebApi/SubastaYa.WebApi.csproj" />
</Solution>
